
Microsoft Visual Studio Solution File, Format Version 12.00
# Visual Studio 15
Project("{FAE04EC0-301F-11D3-BF4B-00C04F79EFBC}") = "Dead Core prototype", "Assembly-CSharp.csproj", "{2418D46B-B779-A0E5-38AC-46A7F05C3F91}"
EndProject
Global
	GlobalSection(SolutionConfigurationPlatforms) = preSolution
		Debug|Any CPU = Debug|Any CPU
		Release|Any CPU = Release|Any CPU
	EndGlobalSection
	GlobalSection(ProjectConfigurationPlatforms) = postSolution
		{2418D46B-B779-A0E5-38AC-46A7F05C3F91}.Debug|Any CPU.ActiveCfg = Debug|Any CPU
		{2418D46B-B779-A0E5-38AC-46A7F05C3F91}.Debug|Any CPU.Build.0 = Debug|Any CPU
		{2418D46B-B779-A0E5-38AC-46A7F05C3F91}.Release|Any CPU.ActiveCfg = Release|Any CPU
		{2418D46B-B779-A0E5-38AC-46A7F05C3F91}.Release|Any CPU.Build.0 = Release|Any CPU
	EndGlobalSection
	GlobalSection(SolutionProperties) = preSolution
		HideSolutionNode = FALSE
	EndGlobalSection
EndGlobal
